# This file is automatically @generated by Cargo.
# It is not intended for manual editing.
version = 4

[[package]]
name = "ds-cli"
version = "0.1.0"
dependencies = [
 "ds-core",
 "ds-net",
]

[[package]]
name = "ds-core"
version = "0.1.0"

[[package]]
name = "ds-net"
version = "0.1.0"
dependencies = [
 "ds-core",
]
